
Microsoft Visual Studio Solution File, Format Version 12.00
# Visual Studio 15
VisualStudioVersion = 15.0.28307.102
MinimumVisualStudioVersion = 10.0.40219.1
Project("{FAE04EC0-301F-11D3-BF4B-00C04F79EFBC}") = "sapzeugnisablage", "sapzeugnisablage\sapzeugnisablage.csproj", "{74BAA037-21B8-44ED-A70B-09CEA6C3195B}"
EndProject
Project("{FAE04EC0-301F-11D3-BF4B-00C04F79EFBC}") = "UnitTestProject1", "UnitTestProject1\UnitTestProject1.csproj", "{63014C50-E350-4120-8015-6D9648D28C9E}"
	ProjectSection(ProjectDependencies) = postProject
		{74BAA037-21B8-44ED-A70B-09CEA6C3195B} = {74BAA037-21B8-44ED-A70B-09CEA6C3195B}
	EndProjectSection
EndProject
Global
	GlobalSection(SolutionConfigurationPlatforms) = preSolution
		Debug|Any CPU = Debug|Any CPU
		Debug|x64 = Debug|x64
		Release|Any CPU = Release|Any CPU
		Release|x64 = Release|x64
	EndGlobalSection
	GlobalSection(ProjectConfigurationPlatforms) = postSolution
		{74BAA037-21B8-44ED-A70B-09CEA6C3195B}.Debug|Any CPU.ActiveCfg = Debug|Any CPU
		{74BAA037-21B8-44ED-A70B-09CEA6C3195B}.Debug|Any CPU.Build.0 = Debug|Any CPU
		{74BAA037-21B8-44ED-A70B-09CEA6C3195B}.Debug|x64.ActiveCfg = Debug|x64
		{74BAA037-21B8-44ED-A70B-09CEA6C3195B}.Debug|x64.Build.0 = Debug|x64
		{74BAA037-21B8-44ED-A70B-09CEA6C3195B}.Release|Any CPU.ActiveCfg = Release|Any CPU
		{74BAA037-21B8-44ED-A70B-09CEA6C3195B}.Release|Any CPU.Build.0 = Release|Any CPU
		{74BAA037-21B8-44ED-A70B-09CEA6C3195B}.Release|x64.ActiveCfg = Release|x64
		{74BAA037-21B8-44ED-A70B-09CEA6C3195B}.Release|x64.Build.0 = Release|x64
		{63014C50-E350-4120-8015-6D9648D28C9E}.Debug|Any CPU.ActiveCfg = Debug|Any CPU
		{63014C50-E350-4120-8015-6D9648D28C9E}.Debug|Any CPU.Build.0 = Debug|Any CPU
		{63014C50-E350-4120-8015-6D9648D28C9E}.Debug|x64.ActiveCfg = Debug|x64
		{63014C50-E350-4120-8015-6D9648D28C9E}.Debug|x64.Build.0 = Debug|x64
		{63014C50-E350-4120-8015-6D9648D28C9E}.Release|Any CPU.ActiveCfg = Release|Any CPU
		{63014C50-E350-4120-8015-6D9648D28C9E}.Release|Any CPU.Build.0 = Release|Any CPU
		{63014C50-E350-4120-8015-6D9648D28C9E}.Release|x64.ActiveCfg = Release|x64
		{63014C50-E350-4120-8015-6D9648D28C9E}.Release|x64.Build.0 = Release|x64
	EndGlobalSection
	GlobalSection(SolutionProperties) = preSolution
		HideSolutionNode = FALSE
	EndGlobalSection
	GlobalSection(ExtensibilityGlobals) = postSolution
		SolutionGuid = {A4CE49F1-AC1F-4D24-8B4B-3BCB286CCA52}
	EndGlobalSection
EndGlobal
